// !$*UTF8*$!
{
	archiveVersion = 1;
	classes = {
	};
	objectVersion = 50;
	objects = {

/* Begin PBXBuildFile section */
		6780B65322B9103700F61A87 /* AppDelegate.swift in Sources */ = {isa = PBXBuildFile; fileRef = 6780B65222B9103700F61A87 /* AppDelegate.swift */; };
		6780B65522B9103700F61A87 /* ViewController.swift in Sources */ = {isa = PBXBuildFile; fileRef = 6780B65422B9103700F61A87 /* ViewController.swift */; };
		6780B65822B9103700F61A87 /* Main.storyboard in Resources */ = {isa = PBXBuildFile; fileRef = 6780B65622B9103700F61A87 /* Main.storyboard */; };
		6780B65B22B9103700F61A87 /* SunRiseSunSet.xcdatamodeld in Sources */ = {isa = PBXBuildFile; fileRef = 6780B65922B9103700F61A87 /* SunRiseSunSet.xcdatamodeld */; };
		6780B65D22B9103800F61A87 /* Assets.xcassets in Resources */ = {isa = PBXBuildFile; fileRef = 6780B65C22B9103800F61A87 /* Assets.xcassets */; };
		6780B66022B9103800F61A87 /* LaunchScreen.storyboard in Resources */ = {isa = PBXBuildFile; fileRef = 6780B65E22B9103800F61A87 /* LaunchScreen.storyboard */; };
		6794658722B9593C0050A336 /* Extensions.swift in Sources */ = {isa = PBXBuildFile; fileRef = 6794658622B9593C0050A336 /* Extensions.swift */; };
		6794658D22B964160050A336 /* NetworkProvider.swift in Sources */ = {isa = PBXBuildFile; fileRef = 6794658C22B964160050A336 /* NetworkProvider.swift */; };
		6794659022B964C20050A336 /* Presenter.swift in Sources */ = {isa = PBXBuildFile; fileRef = 6794658F22B964C20050A336 /* Presenter.swift */; };
		6794659322B9652A0050A336 /* MainView.swift in Sources */ = {isa = PBXBuildFile; fileRef = 6794659222B9652A0050A336 /* MainView.swift */; };
		91E1CA401AA2EAC57FF7DB38 /* Pods_SunRiseSunSet.framework in Frameworks */ = {isa = PBXBuildFile; fileRef = C34A24A323A8F8B168BEB8DC /* Pods_SunRiseSunSet.framework */; };
/* End PBXBuildFile section */

/* Begin PBXFileReference section */
		0A8EDA3C285BA9FDF4CF9E52 /* Pods-SunRiseSunSet.debug.xcconfig */ = {isa = PBXFileReference; includeInIndex = 1; lastKnownFileType = text.xcconfig; name = "Pods-SunRiseSunSet.debug.xcconfig"; path = "Pods/Target Support Files/Pods-SunRiseSunSet/Pods-SunRiseSunSet.debug.xcconfig"; sourceTree = "<group>"; };
		0E7E4F9E26C199C8495D8BE6 /* Pods-SunRiseSunSet.release.xcconfig */ = {isa = PBXFileReference; includeInIndex = 1; lastKnownFileType = text.xcconfig; name = "Pods-SunRiseSunSet.release.xcconfig"; path = "Pods/Target Support Files/Pods-SunRiseSunSet/Pods-SunRiseSunSet.release.xcconfig"; sourceTree = "<group>"; };
		6780B64F22B9103700F61A87 /* SunRiseSunSet.app */ = {isa = PBXFileReference; explicitFileType = wrapper.application; includeInIndex = 0; path = SunRiseSunSet.app; sourceTree = BUILT_PRODUCTS_DIR; };
		6780B65222B9103700F61A87 /* AppDelegate.swift */ = {isa = PBXFileReference; lastKnownFileType = sourcecode.swift; path = AppDelegate.swift; sourceTree = "<group>"; };
		6780B65422B9103700F61A87 /* ViewController.swift */ = {isa = PBXFileReference; lastKnownFileType = sourcecode.swift; path = ViewController.swift; sourceTree = "<group>"; };
		6780B65722B9103700F61A87 /* Base */ = {isa = PBXFileReference; lastKnownFileType = file.storyboard; name = Base; path = Base.lproj/Main.storyboard; sourceTree = "<group>"; };
		6780B65A22B9103700F61A87 /* SunRiseSunSet.xcdatamodel */ = {isa = PBXFileReference; lastKnownFileType = wrapper.xcdatamodel; path = SunRiseSunSet.xcdatamodel; sourceTree = "<group>"; };
		6780B65C22B9103800F61A87 /* Assets.xcassets */ = {isa = PBXFileReference; lastKnownFileType = folder.assetcatalog; path = Assets.xcassets; sourceTree = "<group>"; };
		6780B65F22B9103800F61A87 /* Base */ = {isa = PBXFileReference; lastKnownFileType = file.storyboard; name = Base; path = Base.lproj/LaunchScreen.storyboard; sourceTree = "<group>"; };
		6780B66122B9103800F61A87 /* Info.plist */ = {isa = PBXFileReference; lastKnownFileType = text.plist.xml; path = Info.plist; sourceTree = "<group>"; };
		6794658622B9593C0050A336 /* Extensions.swift */ = {isa = PBXFileReference; lastKnownFileType = sourcecode.swift; path = Extensions.swift; sourceTree = "<group>"; };
		6794658C22B964160050A336 /* NetworkProvider.swift */ = {isa = PBXFileReference; lastKnownFileType = sourcecode.swift; path = NetworkProvider.swift; sourceTree = "<group>"; };
		6794658F22B964C20050A336 /* Presenter.swift */ = {isa = PBXFileReference; lastKnownFileType = sourcecode.swift; path = Presenter.swift; sourceTree = "<group>"; };
		6794659222B9652A0050A336 /* MainView.swift */ = {isa = PBXFileReference; lastKnownFileType = sourcecode.swift; path = MainView.swift; sourceTree = "<group>"; };
		C34A24A323A8F8B168BEB8DC /* Pods_SunRiseSunSet.framework */ = {isa = PBXFileReference; explicitFileType = wrapper.framework; includeInIndex = 0; path = Pods_SunRiseSunSet.framework; sourceTree = BUILT_PRODUCTS_DIR; };
/* End PBXFileReference section */

/* Begin PBXFrameworksBuildPhase section */
		6780B64C22B9103700F61A87 /* Frameworks */ = {
			isa = PBXFrameworksBuildPhase;
			buildActionMask = 2147483647;
			files = (
				91E1CA401AA2EAC57FF7DB38 /* Pods_SunRiseSunSet.framework in Frameworks */,
			);
			runOnlyForDeploymentPostprocessing = 0;
		};
/* End PBXFrameworksBuildPhase section */

/* Begin PBXGroup section */
		6780B64622B9103700F61A87 = {
			isa = PBXGroup;
			children = (
				6780B65122B9103700F61A87 /* SunRiseSunSet */,
				6780B65022B9103700F61A87 /* Products */,
				8A7DB1BC9F0FAAD7D4B63C84 /* Pods */,
				7E2BC472A63968E79AC4EE5A /* Frameworks */,
			);
			sourceTree = "<group>";
		};
		6780B65022B9103700F61A87 /* Products */ = {
			isa = PBXGroup;
			children = (
				6780B64F22B9103700F61A87 /* SunRiseSunSet.app */,
			);
			name = Products;
			sourceTree = "<group>";
		};
		6780B65122B9103700F61A87 /* SunRiseSunSet */ = {
			isa = PBXGroup;
			children = (
				67A1979122BA6C1E009BB2F3 /* View */,
				67A1979022BA6C12009BB2F3 /* Extensions */,
				6794659122B965180050A336 /* Protocol */,
				6794658E22B964B70050A336 /* Presenter */,
				6794658B22B964050050A336 /* Provider */,
				6780B65222B9103700F61A87 /* AppDelegate.swift */,
				6780B65C22B9103800F61A87 /* Assets.xcassets */,
				6780B65E22B9103800F61A87 /* LaunchScreen.storyboard */,
				6780B66122B9103800F61A87 /* Info.plist */,
				6780B65922B9103700F61A87 /* SunRiseSunSet.xcdatamodeld */,
			);
			path = SunRiseSunSet;
			sourceTree = "<group>";
		};
		6794658B22B964050050A336 /* Provider */ = {
			isa = PBXGroup;
			children = (
				6794658C22B964160050A336 /* NetworkProvider.swift */,
			);
			path = Provider;
			sourceTree = "<group>";
		};
		6794658E22B964B70050A336 /* Presenter */ = {
			isa = PBXGroup;
			children = (
				6794658F22B964C20050A336 /* Presenter.swift */,
			);
			path = Presenter;
			sourceTree = "<group>";
		};
		6794659122B965180050A336 /* Protocol */ = {
			isa = PBXGroup;
			children = (
				6794659222B9652A0050A336 /* MainView.swift */,
			);
			path = Protocol;
			sourceTree = "<group>";
		};
		67A1979022BA6C12009BB2F3 /* Extensions */ = {
			isa = PBXGroup;
			children = (
				6794658622B9593C0050A336 /* Extensions.swift */,
			);
			path = Extensions;
			sourceTree = "<group>";
		};
		67A1979122BA6C1E009BB2F3 /* View */ = {
			isa = PBXGroup;
			children = (
				6780B65622B9103700F61A87 /* Main.storyboard */,
				6780B65422B9103700F61A87 /* ViewController.swift */,
			);
			path = View;
			sourceTree = "<group>";
		};
		7E2BC472A63968E79AC4EE5A /* Frameworks */ = {
			isa = PBXGroup;
			children = (
				C34A24A323A8F8B168BEB8DC /* Pods_SunRiseSunSet.framework */,
			);
			name = Frameworks;
			sourceTree = "<group>";
		};
		8A7DB1BC9F0FAAD7D4B63C84 /* Pods */ = {
			isa = PBXGroup;
			children = (
				0A8EDA3C285BA9FDF4CF9E52 /* Pods-SunRiseSunSet.debug.xcconfig */,
				0E7E4F9E26C199C8495D8BE6 /* Pods-SunRiseSunSet.release.xcconfig */,
			);
			name = Pods;
			sourceTree = "<group>";
		};
/* End PBXGroup section */

/* Begin PBXNativeTarget section */
		6780B64E22B9103700F61A87 /* SunRiseSunSet */ = {
			isa = PBXNativeTarget;
			buildConfigurationList = 6780B66422B9103800F61A87 /* Build configuration list for PBXNativeTarget "SunRiseSunSet" */;
			buildPhases = (
				50D9B6099743721C27C4ACAA /* [CP] Check Pods Manifest.lock */,
				6780B64B22B9103700F61A87 /* Sources */,
				6780B64C22B9103700F61A87 /* Frameworks */,
				6780B64D22B9103700F61A87 /* Resources */,
				B013780E014607ECD2E25C9A /* [CP] Embed Pods Frameworks */,
				0B34A4151EAD24986E258233 /* [CP] Copy Pods Resources */,
			);
			buildRules = (
			);
			dependencies = (
			);
			name = SunRiseSunSet;
			productName = SunRiseSunSet;
			productReference = 6780B64F22B9103700F61A87 /* SunRiseSunSet.app */;
			productType = "com.apple.product-type.application";
		};
/* End PBXNativeTarget section */

/* Begin PBXProject section */
		6780B64722B9103700F61A87 /* Project object */ = {
			isa = PBXProject;
			attributes = {
				LastSwiftUpdateCheck = 1010;
				LastUpgradeCheck = 1010;
				ORGANIZATIONNAME = liza_kaganskaya;
				TargetAttributes = {
					6780B64E22B9103700F61A87 = {
						CreatedOnToolsVersion = 10.1;
					};
				};
			};
			buildConfigurationList = 6780B64A22B9103700F61A87 /* Build configuration list for PBXProject "SunRiseSunSet" */;
			compatibilityVersion = "Xcode 9.3";
			developmentRegion = en;
			hasScannedForEncodings = 0;
			knownRegions = (
				en,
				Base,
			);
			mainGroup = 6780B64622B9103700F61A87;
			productRefGroup = 6780B65022B9103700F61A87 /* Products */;
			projectDirPath = "";
			projectRoot = "";
			targets = (
				6780B64E22B9103700F61A87 /* SunRiseSunSet */,
			);
		};
/* End PBXProject section */

/* Begin PBXResourcesBuildPhase section */
		6780B64D22B9103700F61A87 /* Resources */ = {
			isa = PBXResourcesBuildPhase;
			buildActionMask = 2147483647;
			files = (
				6780B66022B9103800F61A87 /* LaunchScreen.storyboard in Resources */,
				6780B65D22B9103800F61A87 /* Assets.xcassets in Resources */,
				6780B65822B9103700F61A87 /* Main.storyboard in Resources */,
			);
			runOnlyForDeploymentPostprocessing = 0;
		};
/* End PBXResourcesBuildPhase section */

/* Begin PBXShellScriptBuildPhase section */
		0B34A4151EAD24986E258233 /* [CP] Copy Pods Resources */ = {
			isa = PBXShellScriptBuildPhase;
			buildActionMask = 2147483647;
			files = (
			);
			inputFileListPaths = (
			);
			inputPaths = (
				"${SRCROOT}/Pods/Target Support Files/Pods-SunRiseSunSet/Pods-SunRiseSunSet-resources.sh",
				"${PODS_ROOT}/GooglePlaces/Frameworks/GooglePlaces.framework/Resources/GooglePlaces.bundle",
			);
			name = "[CP] Copy Pods Resources";
			outputFileListPaths = (
			);
			outputPaths = (
				"${TARGET_BUILD_DIR}/${UNLOCALIZED_RESOURCES_FOLDER_PATH}/GooglePlaces.bundle",
			);
			runOnlyForDeploymentPostprocessing = 0;
			shellPath = /bin/sh;
			shellScript = "\"${SRCROOT}/Pods/Target Support Files/Pods-SunRiseSunSet/Pods-SunRiseSunSet-resources.sh\"\n";
			showEnvVarsInLog = 0;
		};
		50D9B6099743721C27C4ACAA /* [CP] Check Pods Manifest.lock */ = {
			isa = PBXShellScriptBuildPhase;
			buildActionMask = 2147483647;
			files = (
			);
			inputFileListPaths = (
			);
			inputPaths = (
				"${PODS_PODFILE_DIR_PATH}/Podfile.lock",
				"${PODS_ROOT}/Manifest.lock",
			);
			name = "[CP] Check Pods Manifest.lock";
			outputFileListPaths = (
			);
			outputPaths = (
				"$(DERIVED_FILE_DIR)/Pods-SunRiseSunSet-checkManifestLockResult.txt",
			);
			runOnlyForDeploymentPostprocessing = 0;
			shellPath = /bin/sh;
			shellScript = "diff \"${PODS_PODFILE_DIR_PATH}/Podfile.lock\" \"${PODS_ROOT}/Manifest.lock\" > /dev/null\nif [ $? != 0 ] ; then\n    # print error to STDERR\n    echo \"error: The sandbox is not in sync with the Podfile.lock. Run 'pod install' or update your CocoaPods installation.\" >&2\n    exit 1\nfi\n# This output is used by Xcode 'outputs' to avoid re-running this script phase.\necho \"SUCCESS\" > \"${SCRIPT_OUTPUT_FILE_0}\"\n";
			showEnvVarsInLog = 0;
		};
		B013780E014607ECD2E25C9A /* [CP] Embed Pods Frameworks */ = {
			isa = PBXShellScriptBuildPhase;
			buildActionMask = 2147483647;
			files = (
			);
			inputFileListPaths = (
			);
			inputPaths = (
				"${SRCROOT}/Pods/Target Support Files/Pods-SunRiseSunSet/Pods-SunRiseSunSet-frameworks.sh",
				"${BUILT_PRODUCTS_DIR}/Alamofire/Alamofire.framework",
				"${BUILT_PRODUCTS_DIR}/RxAtomic/RxAtomic.framework",
				"${BUILT_PRODUCTS_DIR}/RxCocoa/RxCocoa.framework",
				"${BUILT_PRODUCTS_DIR}/RxSwift/RxSwift.framework",
				"${BUILT_PRODUCTS_DIR}/SwiftyJSON/SwiftyJSON.framework",
			);
			name = "[CP] Embed Pods Frameworks";
			outputFileListPaths = (
			);
			outputPaths = (
				"${TARGET_BUILD_DIR}/${FRAMEWORKS_FOLDER_PATH}/Alamofire.framework",
				"${TARGET_BUILD_DIR}/${FRAMEWORKS_FOLDER_PATH}/RxAtomic.framework",
				"${TARGET_BUILD_DIR}/${FRAMEWORKS_FOLDER_PATH}/RxCocoa.framework",
				"${TARGET_BUILD_DIR}/${FRAMEWORKS_FOLDER_PATH}/RxSwift.framework",
				"${TARGET_BUILD_DIR}/${FRAMEWORKS_FOLDER_PATH}/SwiftyJSON.framework",
			);
			runOnlyForDeploymentPostprocessing = 0;
			shellPath = /bin/sh;
			shellScript = "\"${SRCROOT}/Pods/Target Support Files/Pods-SunRiseSunSet/Pods-SunRiseSunSet-frameworks.sh\"\n";
			showEnvVarsInLog = 0;
		};
/* End PBXShellScriptBuildPhase section */

/* Begin PBXSourcesBuildPhase section */
		6780B64B22B9103700F61A87 /* Sources */ = {
			isa = PBXSourcesBuildPhase;
			buildActionMask = 2147483647;
			files = (
				6780B65522B9103700F61A87 /* ViewController.swift in Sources */,
				6794659322B9652A0050A336 /* MainView.swift in Sources */,
				6794659022B964C20050A336 /* Presenter.swift in Sources */,
				6780B65322B9103700F61A87 /* AppDelegate.swift in Sources */,
				6780B65B22B9103700F61A87 /* SunRiseSunSet.xcdatamodeld in Sources */,
				6794658722B9593C0050A336 /* Extensions.swift in Sources */,
				6794658D22B964160050A336 /* NetworkProvider.swift in Sources */,
			);
			runOnlyForDeploymentPostprocessing = 0;
		};
/* End PBXSourcesBuildPhase section */

/* Begin PBXVariantGroup section */
		6780B65622B9103700F61A87 /* Main.storyboard */ = {
			isa = PBXVariantGroup;
			children = (
				6780B65722B9103700F61A87 /* Base */,
			);
			name = Main.storyboard;
			sourceTree = "<group>";
		};
		6780B65E22B9103800F61A87 /* LaunchScreen.storyboard */ = {
			isa = PBXVariantGroup;
			children = (
				6780B65F22B9103800F61A87 /* Base */,
			);
			name = LaunchScreen.storyboard;
			sourceTree = "<group>";
		};
/* End PBXVariantGroup section */

/* Begin XCBuildConfiguration section */
		6780B66222B9103800F61A87 /* Debug */ = {
			isa = XCBuildConfiguration;
			buildSettings = {
				ALWAYS_SEARCH_USER_PATHS = NO;
				CLANG_ANALYZER_NONNULL = YES;
				CLANG_ANALYZER_NUMBER_OBJECT_CONVERSION = YES_AGGRESSIVE;
				CLANG_CXX_LANGUAGE_STANDARD = "gnu++14";
				CLANG_CXX_LIBRARY = "libc++";
				CLANG_ENABLE_MODULES = YES;
				CLANG_ENABLE_OBJC_ARC = YES;
				CLANG_ENABLE_OBJC_WEAK = YES;
				CLANG_WARN_BLOCK_CAPTURE_AUTORELEASING = YES;
				CLANG_WARN_BOOL_CONVERSION = YES;
				CLANG_WARN_COMMA = YES;
				CLANG_WARN_CONSTANT_CONVERSION = YES;
				CLANG_WARN_DEPRECATED_OBJC_IMPLEMENTATIONS = YES;
				CLANG_WARN_DIRECT_OBJC_ISA_USAGE = YES_ERROR;
				CLANG_WARN_DOCUMENTATION_COMMENTS = YES;
				CLANG_WARN_EMPTY_BODY = YES;
				CLANG_WARN_ENUM_CONVERSION = YES;
				CLANG_WARN_INFINITE_RECURSION = YES;
				CLANG_WARN_INT_CONVERSION = YES;
				CLANG_WARN_NON_LITERAL_NULL_CONVERSION = YES;
				CLANG_WARN_OBJC_IMPLICIT_RETAIN_SELF = YES;
				CLANG_WARN_OBJC_LITERAL_CONVERSION = YES;
				CLANG_WARN_OBJC_ROOT_CLASS = YES_ERROR;
				CLANG_WARN_RANGE_LOOP_ANALYSIS = YES;
				CLANG_WARN_STRICT_PROTOTYPES = YES;
				CLANG_WARN_SUSPICIOUS_MOVE = YES;
				CLANG_WARN_UNGUARDED_AVAILABILITY = YES_AGGRESSIVE;
				CLANG_WARN_UNREACHABLE_CODE = YES;
				CLANG_WARN__DUPLICATE_METHOD_MATCH = YES;
				CODE_SIGN_IDENTITY = "iPhone Developer";
				COPY_PHASE_STRIP = NO;
				DEBUG_INFORMATION_FORMAT = dwarf;
				ENABLE_STRICT_OBJC_MSGSEND = YES;
				ENABLE_TESTABILITY = YES;
				GCC_C_LANGUAGE_STANDARD = gnu11;
				GCC_DYNAMIC_NO_PIC = NO;
				GCC_NO_COMMON_BLOCKS = YES;
				GCC_OPTIMIZATION_LEVEL = 0;
				GCC_PREPROCESSOR_DEFINITIONS = (
					"DEBUG=1",
					"$(inherited)",
				);
				GCC_WARN_64_TO_32_BIT_CONVERSION = YES;
				GCC_WARN_ABOUT_RETURN_TYPE = YES_ERROR;
				GCC_WARN_UNDECLARED_SELECTOR = YES;
				GCC_WARN_UNINITIALIZED_AUTOS = YES_AGGRESSIVE;
				GCC_WARN_UNUSED_FUNCTION = YES;
				GCC_WARN_UNUSED_VARIABLE = YES;
				IPHONEOS_DEPLOYMENT_TARGET = 12.1;
				MTL_ENABLE_DEBUG_INFO = INCLUDE_SOURCE;
				MTL_FAST_MATH = YES;
				ONLY_ACTIVE_ARCH = YES;
				SDKROOT = iphoneos;
				SWIFT_ACTIVE_COMPILATION_CONDITIONS = DEBUG;
				SWIFT_OPTIMIZATION_LEVEL = "-Onone";
			};
			name = Debug;
		};
		6780B66322B9103800F61A87 /* Release */ = {
			isa = XCBuildConfiguration;
			buildSettings = {
				ALWAYS_SEARCH_USER_PATHS = NO;
				CLANG_ANALYZER_NONNULL = YES;
				CLANG_ANALYZER_NUMBER_OBJECT_CONVERSION = YES_AGGRESSIVE;
				CLANG_CXX_LANGUAGE_STANDARD = "gnu++14";
				CLANG_CXX_LIBRARY = "libc++";
				CLANG_ENABLE_MODULES = YES;
				CLANG_ENABLE_OBJC_ARC = YES;
				CLANG_ENABLE_OBJC_WEAK = YES;
				CLANG_WARN_BLOCK_CAPTURE_AUTORELEASING = YES;
				CLANG_WARN_BOOL_CONVERSION = YES;
				CLANG_WARN_COMMA = YES;
				CLANG_WARN_CONSTANT_CONVERSION = YES;
				CLANG_WARN_DEPRECATED_OBJC_IMPLEMENTATIONS = YES;
				CLANG_WARN_DIRECT_OBJC_ISA_USAGE = YES_ERROR;
				CLANG_WARN_DOCUMENTATION_COMMENTS = YES;
				CLANG_WARN_EMPTY_BODY = YES;
				CLANG_WARN_ENUM_CONVERSION = YES;
				CLANG_WARN_INFINITE_RECURSION = YES;
				CLANG_WARN_INT_CONVERSION = YES;
				CLANG_WARN_NON_LITERAL_NULL_CONVERSION = YES;
				CLANG_WARN_OBJC_IMPLICIT_RETAIN_SELF = YES;
				CLANG_WARN_OBJC_LITERAL_CONVERSION = YES;
				CLANG_WARN_OBJC_ROOT_CLASS = YES_ERROR;
				CLANG_WARN_RANGE_LOOP_ANALYSIS = YES;
				CLANG_WARN_STRICT_PROTOTYPES = YES;
				CLANG_WARN_SUSPICIOUS_MOVE = YES;
				CLANG_WARN_UNGUARDED_AVAILABILITY = YES_AGGRESSIVE;
				CLANG_WARN_UNREACHABLE_CODE = YES;
				CLANG_WARN__DUPLICATE_METHOD_MATCH = YES;
				CODE_SIGN_IDENTITY = "iPhone Developer";
				COPY_PHASE_STRIP = NO;
				DEBUG_INFORMATION_FORMAT = "dwarf-with-dsym";
				ENABLE_NS_ASSERTIONS = NO;
				ENABLE_STRICT_OBJC_MSGSEND = YES;
				GCC_C_LANGUAGE_STANDARD = gnu11;
				GCC_NO_COMMON_BLOCKS = YES;
				GCC_WARN_64_TO_32_BIT_CONVERSION = YES;
				GCC_WARN_ABOUT_RETURN_TYPE = YES_ERROR;
				GCC_WARN_UNDECLARED_SELECTOR = YES;
				GCC_WARN_UNINITIALIZED_AUTOS = YES_AGGRESSIVE;
				GCC_WARN_UNUSED_FUNCTION = YES;
				GCC_WARN_UNUSED_VARIABLE = YES;
				IPHONEOS_DEPLOYMENT_TARGET = 12.1;
				MTL_ENABLE_DEBUG_INFO = NO;
				MTL_FAST_MATH = YES;
				SDKROOT = iphoneos;
				SWIFT_COMPILATION_MODE = wholemodule;
				SWIFT_OPTIMIZATION_LEVEL = "-O";
				VALIDATE_PRODUCT = YES;
			};
			name = Release;
		};
		6780B66522B9103800F61A87 /* Debug */ = {
			isa = XCBuildConfiguration;
			baseConfigurationReference = 0A8EDA3C285BA9FDF4CF9E52 /* Pods-SunRiseSunSet.debug.xcconfig */;
			buildSettings = {
				ASSETCATALOG_COMPILER_APPICON_NAME = AppIcon;
				CODE_SIGN_STYLE = Automatic;
				DEVELOPMENT_TEAM = YUVT827MWJ;
				INFOPLIST_FILE = SunRiseSunSet/Info.plist;
				LD_RUNPATH_SEARCH_PATHS = (
					"$(inherited)",
					"@executable_path/Frameworks",
				);
				PRODUCT_BUNDLE_IDENTIFIER = "liza-kaganskaya.SunRiseSunSet";
				PRODUCT_NAME = "$(TARGET_NAME)";
				SWIFT_VERSION = 4.2;
				TARGETED_DEVICE_FAMILY = 1;
			};
			name = Debug;
		};
		6780B66622B9103800F61A87 /* Release */ = {
			isa = XCBuildConfiguration;
			baseConfigurationReference = 0E7E4F9E26C199C8495D8BE6 /* Pods-SunRiseSunSet.release.xcconfig */;
			buildSettings = {
				ASSETCATALOG_COMPILER_APPICON_NAME = AppIcon;
				CODE_SIGN_STYLE = Automatic;
				DEVELOPMENT_TEAM = YUVT827MWJ;
				INFOPLIST_FILE = SunRiseSunSet/Info.plist;
				LD_RUNPATH_SEARCH_PATHS = (
					"$(inherited)",
					"@executable_path/Frameworks",
				);
				PRODUCT_BUNDLE_IDENTIFIER = "liza-kaganskaya.SunRiseSunSet";
				PRODUCT_NAME = "$(TARGET_NAME)";
				SWIFT_VERSION = 4.2;
				TARGETED_DEVICE_FAMILY = 1;
			};
			name = Release;
		};
/* End XCBuildConfiguration section */

/* Begin XCConfigurationList section */
		6780B64A22B9103700F61A87 /* Build configuration list for PBXProject "SunRiseSunSet" */ = {
			isa = XCConfigurationList;
			buildConfigurations = (
				6780B66222B9103800F61A87 /* Debug */,
				6780B66322B9103800F61A87 /* Release */,
			);
			defaultConfigurationIsVisible = 0;
			defaultConfigurationName = Release;
		};
		6780B66422B9103800F61A87 /* Build configuration list for PBXNativeTarget "SunRiseSunSet" */ = {
			isa = XCConfigurationList;
			buildConfigurations = (
				6780B66522B9103800F61A87 /* Debug */,
				6780B66622B9103800F61A87 /* Release */,
			);
			defaultConfigurationIsVisible = 0;
			defaultConfigurationName = Release;
		};
/* End XCConfigurationList section */

/* Begin XCVersionGroup section */
		6780B65922B9103700F61A87 /* SunRiseSunSet.xcdatamodeld */ = {
			isa = XCVersionGroup;
			children = (
				6780B65A22B9103700F61A87 /* SunRiseSunSet.xcdatamodel */,
			);
			currentVersion = 6780B65A22B9103700F61A87 /* SunRiseSunSet.xcdatamodel */;
			path = SunRiseSunSet.xcdatamodeld;
			sourceTree = "<group>";
			versionGroupType = wrapper.xcdatamodel;
		};
/* End XCVersionGroup section */
	};
	rootObject = 6780B64722B9103700F61A87 /* Project object */;
}
